
Microsoft Visual Studio Solution File, Format Version 12.00
# Visual Studio Version 17
VisualStudioVersion = 17.12.35707.178
MinimumVisualStudioVersion = 10.0.40219.1
Project("{8BC9CEB8-8B4A-11D0-8D11-00A0C91BC942}") = "Program", "Program\Program.vcxproj", "{74A60913-040E-4340-B859-D50C84F9DF71}"
EndProject
Project("{8BC9CEB8-8B4A-11D0-8D11-00A0C91BC942}") = "Class1th (Time Complexity & Space Compiexity", "Class1th (Time Complexity & Space Compiexity\Class1th (Time Complexity & Space Compiexity.vcxproj", "{1BD2CF19-6395-4FA8-A76D-E8D90FB93F52}"
EndProject
Project("{8BC9CEB8-8B4A-11D0-8D11-00A0C91BC942}") = "Class2th", "Class2th\Class2th.vcxproj", "{BC980404-F72E-4648-B327-061497998F37}"
EndProject
Project("{8BC9CEB8-8B4A-11D0-8D11-00A0C91BC942}") = "Class3th", "Class3\Class3.vcxproj", "{49E46E69-9891-4F1E-8F34-EE159A0B7F71}"
EndProject
Project("{8BC9CEB8-8B4A-11D0-8D11-00A0C91BC942}") = "Class4th (미완성)", "Class4th (미완성)\Class4th (미완성).vcxproj", "{B9D60B0E-AF1A-4553-B580-0064AF8594FA}"
EndProject
Project("{8BC9CEB8-8B4A-11D0-8D11-00A0C91BC942}") = "Class5th", "Class5th\Class5th.vcxproj", "{892B28D3-4F7F-4035-877C-791734DE6BDD}"
EndProject
Project("{8BC9CEB8-8B4A-11D0-8D11-00A0C91BC942}") = "Class6th", "Class6\Class6.vcxproj", "{90FF5144-FD8B-42BB-A2A7-59118F8FCA15}"
EndProject
Project("{8BC9CEB8-8B4A-11D0-8D11-00A0C91BC942}") = "Class7th", "Class7th\Class7th.vcxproj", "{6ACE7237-1D5C-4402-B76F-B33BA2A9D51B}"
EndProject
Project("{8BC9CEB8-8B4A-11D0-8D11-00A0C91BC942}") = "Class8th", "Class 8th\Class 8th.vcxproj", "{CF6F5B8B-1DE0-487C-B151-6DBD36FFD31B}"
EndProject
Project("{8BC9CEB8-8B4A-11D0-8D11-00A0C91BC942}") = "Class9th", "Class9\Class9.vcxproj", "{557C6C4A-CF9A-4476-8CF7-EDEB44D9FD92}"
EndProject
Project("{8BC9CEB8-8B4A-11D0-8D11-00A0C91BC942}") = "Class10th", "Class10th\Class10th.vcxproj", "{2033C5F3-6144-41DD-876E-95E68D4F7D1F}"
EndProject
Project("{8BC9CEB8-8B4A-11D0-8D11-00A0C91BC942}") = "Class11th", "Class11th\Class11th.vcxproj", "{044E0E87-AD78-4F8D-A68B-E27FE5861BC4}"
EndProject
Global
	GlobalSection(SolutionConfigurationPlatforms) = preSolution
		Debug|x64 = Debug|x64
		Debug|x86 = Debug|x86
		Release|x64 = Release|x64
		Release|x86 = Release|x86
	EndGlobalSection
	GlobalSection(ProjectConfigurationPlatforms) = postSolution
		{74A60913-040E-4340-B859-D50C84F9DF71}.Debug|x64.ActiveCfg = Debug|x64
		{74A60913-040E-4340-B859-D50C84F9DF71}.Debug|x64.Build.0 = Debug|x64
		{74A60913-040E-4340-B859-D50C84F9DF71}.Debug|x86.ActiveCfg = Debug|Win32
		{74A60913-040E-4340-B859-D50C84F9DF71}.Debug|x86.Build.0 = Debug|Win32
		{74A60913-040E-4340-B859-D50C84F9DF71}.Release|x64.ActiveCfg = Release|x64
		{74A60913-040E-4340-B859-D50C84F9DF71}.Release|x64.Build.0 = Release|x64
		{74A60913-040E-4340-B859-D50C84F9DF71}.Release|x86.ActiveCfg = Release|Win32
		{74A60913-040E-4340-B859-D50C84F9DF71}.Release|x86.Build.0 = Release|Win32
		{1BD2CF19-6395-4FA8-A76D-E8D90FB93F52}.Debug|x64.ActiveCfg = Debug|x64
		{1BD2CF19-6395-4FA8-A76D-E8D90FB93F52}.Debug|x64.Build.0 = Debug|x64
		{1BD2CF19-6395-4FA8-A76D-E8D90FB93F52}.Debug|x86.ActiveCfg = Debug|Win32
		{1BD2CF19-6395-4FA8-A76D-E8D90FB93F52}.Debug|x86.Build.0 = Debug|Win32
		{1BD2CF19-6395-4FA8-A76D-E8D90FB93F52}.Release|x64.ActiveCfg = Release|x64
		{1BD2CF19-6395-4FA8-A76D-E8D90FB93F52}.Release|x64.Build.0 = Release|x64
		{1BD2CF19-6395-4FA8-A76D-E8D90FB93F52}.Release|x86.ActiveCfg = Release|Win32
		{1BD2CF19-6395-4FA8-A76D-E8D90FB93F52}.Release|x86.Build.0 = Release|Win32
		{BC980404-F72E-4648-B327-061497998F37}.Debug|x64.ActiveCfg = Debug|x64
		{BC980404-F72E-4648-B327-061497998F37}.Debug|x64.Build.0 = Debug|x64
		{BC980404-F72E-4648-B327-061497998F37}.Debug|x86.ActiveCfg = Debug|Win32
		{BC980404-F72E-4648-B327-061497998F37}.Debug|x86.Build.0 = Debug|Win32
		{BC980404-F72E-4648-B327-061497998F37}.Release|x64.ActiveCfg = Release|x64
		{BC980404-F72E-4648-B327-061497998F37}.Release|x64.Build.0 = Release|x64
		{BC980404-F72E-4648-B327-061497998F37}.Release|x86.ActiveCfg = Release|Win32
		{BC980404-F72E-4648-B327-061497998F37}.Release|x86.Build.0 = Release|Win32
		{49E46E69-9891-4F1E-8F34-EE159A0B7F71}.Debug|x64.ActiveCfg = Debug|x64
		{49E46E69-9891-4F1E-8F34-EE159A0B7F71}.Debug|x64.Build.0 = Debug|x64
		{49E46E69-9891-4F1E-8F34-EE159A0B7F71}.Debug|x86.ActiveCfg = Debug|Win32
		{49E46E69-9891-4F1E-8F34-EE159A0B7F71}.Debug|x86.Build.0 = Debug|Win32
		{49E46E69-9891-4F1E-8F34-EE159A0B7F71}.Release|x64.ActiveCfg = Release|x64
		{49E46E69-9891-4F1E-8F34-EE159A0B7F71}.Release|x64.Build.0 = Release|x64
		{49E46E69-9891-4F1E-8F34-EE159A0B7F71}.Release|x86.ActiveCfg = Release|Win32
		{49E46E69-9891-4F1E-8F34-EE159A0B7F71}.Release|x86.Build.0 = Release|Win32
		{B9D60B0E-AF1A-4553-B580-0064AF8594FA}.Debug|x64.ActiveCfg = Debug|x64
		{B9D60B0E-AF1A-4553-B580-0064AF8594FA}.Debug|x64.Build.0 = Debug|x64
		{B9D60B0E-AF1A-4553-B580-0064AF8594FA}.Debug|x86.ActiveCfg = Debug|Win32
		{B9D60B0E-AF1A-4553-B580-0064AF8594FA}.Debug|x86.Build.0 = Debug|Win32
		{B9D60B0E-AF1A-4553-B580-0064AF8594FA}.Release|x64.ActiveCfg = Release|x64
		{B9D60B0E-AF1A-4553-B580-0064AF8594FA}.Release|x64.Build.0 = Release|x64
		{B9D60B0E-AF1A-4553-B580-0064AF8594FA}.Release|x86.ActiveCfg = Release|Win32
		{B9D60B0E-AF1A-4553-B580-0064AF8594FA}.Release|x86.Build.0 = Release|Win32
		{892B28D3-4F7F-4035-877C-791734DE6BDD}.Debug|x64.ActiveCfg = Debug|x64
		{892B28D3-4F7F-4035-877C-791734DE6BDD}.Debug|x64.Build.0 = Debug|x64
		{892B28D3-4F7F-4035-877C-791734DE6BDD}.Debug|x86.ActiveCfg = Debug|Win32
		{892B28D3-4F7F-4035-877C-791734DE6BDD}.Debug|x86.Build.0 = Debug|Win32
		{892B28D3-4F7F-4035-877C-791734DE6BDD}.Release|x64.ActiveCfg = Release|x64
		{892B28D3-4F7F-4035-877C-791734DE6BDD}.Release|x64.Build.0 = Release|x64
		{892B28D3-4F7F-4035-877C-791734DE6BDD}.Release|x86.ActiveCfg = Release|Win32
		{892B28D3-4F7F-4035-877C-791734DE6BDD}.Release|x86.Build.0 = Release|Win32
		{90FF5144-FD8B-42BB-A2A7-59118F8FCA15}.Debug|x64.ActiveCfg = Debug|x64
		{90FF5144-FD8B-42BB-A2A7-59118F8FCA15}.Debug|x64.Build.0 = Debug|x64
		{90FF5144-FD8B-42BB-A2A7-59118F8FCA15}.Debug|x86.ActiveCfg = Debug|Win32
		{90FF5144-FD8B-42BB-A2A7-59118F8FCA15}.Debug|x86.Build.0 = Debug|Win32
		{90FF5144-FD8B-42BB-A2A7-59118F8FCA15}.Release|x64.ActiveCfg = Release|x64
		{90FF5144-FD8B-42BB-A2A7-59118F8FCA15}.Release|x64.Build.0 = Release|x64
		{90FF5144-FD8B-42BB-A2A7-59118F8FCA15}.Release|x86.ActiveCfg = Release|Win32
		{90FF5144-FD8B-42BB-A2A7-59118F8FCA15}.Release|x86.Build.0 = Release|Win32
		{6ACE7237-1D5C-4402-B76F-B33BA2A9D51B}.Debug|x64.ActiveCfg = Debug|x64
		{6ACE7237-1D5C-4402-B76F-B33BA2A9D51B}.Debug|x64.Build.0 = Debug|x64
		{6ACE7237-1D5C-4402-B76F-B33BA2A9D51B}.Debug|x86.ActiveCfg = Debug|Win32
		{6ACE7237-1D5C-4402-B76F-B33BA2A9D51B}.Debug|x86.Build.0 = Debug|Win32
		{6ACE7237-1D5C-4402-B76F-B33BA2A9D51B}.Release|x64.ActiveCfg = Release|x64
		{6ACE7237-1D5C-4402-B76F-B33BA2A9D51B}.Release|x64.Build.0 = Release|x64
		{6ACE7237-1D5C-4402-B76F-B33BA2A9D51B}.Release|x86.ActiveCfg = Release|Win32
		{6ACE7237-1D5C-4402-B76F-B33BA2A9D51B}.Release|x86.Build.0 = Release|Win32
		{CF6F5B8B-1DE0-487C-B151-6DBD36FFD31B}.Debug|x64.ActiveCfg = Debug|x64
		{CF6F5B8B-1DE0-487C-B151-6DBD36FFD31B}.Debug|x64.Build.0 = Debug|x64
		{CF6F5B8B-1DE0-487C-B151-6DBD36FFD31B}.Debug|x86.ActiveCfg = Debug|Win32
		{CF6F5B8B-1DE0-487C-B151-6DBD36FFD31B}.Debug|x86.Build.0 = Debug|Win32
		{CF6F5B8B-1DE0-487C-B151-6DBD36FFD31B}.Release|x64.ActiveCfg = Release|x64
		{CF6F5B8B-1DE0-487C-B151-6DBD36FFD31B}.Release|x64.Build.0 = Release|x64
		{CF6F5B8B-1DE0-487C-B151-6DBD36FFD31B}.Release|x86.ActiveCfg = Release|Win32
		{CF6F5B8B-1DE0-487C-B151-6DBD36FFD31B}.Release|x86.Build.0 = Release|Win32
		{557C6C4A-CF9A-4476-8CF7-EDEB44D9FD92}.Debug|x64.ActiveCfg = Debug|x64
		{557C6C4A-CF9A-4476-8CF7-EDEB44D9FD92}.Debug|x64.Build.0 = Debug|x64
		{557C6C4A-CF9A-4476-8CF7-EDEB44D9FD92}.Debug|x86.ActiveCfg = Debug|Win32
		{557C6C4A-CF9A-4476-8CF7-EDEB44D9FD92}.Debug|x86.Build.0 = Debug|Win32
		{557C6C4A-CF9A-4476-8CF7-EDEB44D9FD92}.Release|x64.ActiveCfg = Release|x64
		{557C6C4A-CF9A-4476-8CF7-EDEB44D9FD92}.Release|x64.Build.0 = Release|x64
		{557C6C4A-CF9A-4476-8CF7-EDEB44D9FD92}.Release|x86.ActiveCfg = Release|Win32
		{557C6C4A-CF9A-4476-8CF7-EDEB44D9FD92}.Release|x86.Build.0 = Release|Win32
		{2033C5F3-6144-41DD-876E-95E68D4F7D1F}.Debug|x64.ActiveCfg = Debug|x64
		{2033C5F3-6144-41DD-876E-95E68D4F7D1F}.Debug|x64.Build.0 = Debug|x64
		{2033C5F3-6144-41DD-876E-95E68D4F7D1F}.Debug|x86.ActiveCfg = Debug|Win32
		{2033C5F3-6144-41DD-876E-95E68D4F7D1F}.Debug|x86.Build.0 = Debug|Win32
		{2033C5F3-6144-41DD-876E-95E68D4F7D1F}.Release|x64.ActiveCfg = Release|x64
		{2033C5F3-6144-41DD-876E-95E68D4F7D1F}.Release|x64.Build.0 = Release|x64
		{2033C5F3-6144-41DD-876E-95E68D4F7D1F}.Release|x86.ActiveCfg = Release|Win32
		{2033C5F3-6144-41DD-876E-95E68D4F7D1F}.Release|x86.Build.0 = Release|Win32
		{044E0E87-AD78-4F8D-A68B-E27FE5861BC4}.Debug|x64.ActiveCfg = Debug|x64
		{044E0E87-AD78-4F8D-A68B-E27FE5861BC4}.Debug|x64.Build.0 = Debug|x64
		{044E0E87-AD78-4F8D-A68B-E27FE5861BC4}.Debug|x86.ActiveCfg = Debug|Win32
		{044E0E87-AD78-4F8D-A68B-E27FE5861BC4}.Debug|x86.Build.0 = Debug|Win32
		{044E0E87-AD78-4F8D-A68B-E27FE5861BC4}.Release|x64.ActiveCfg = Release|x64
		{044E0E87-AD78-4F8D-A68B-E27FE5861BC4}.Release|x64.Build.0 = Release|x64
		{044E0E87-AD78-4F8D-A68B-E27FE5861BC4}.Release|x86.ActiveCfg = Release|Win32
		{044E0E87-AD78-4F8D-A68B-E27FE5861BC4}.Release|x86.Build.0 = Release|Win32
	EndGlobalSection
	GlobalSection(SolutionProperties) = preSolution
		HideSolutionNode = FALSE
	EndGlobalSection
EndGlobal
